# This file is automatically @generated by Cargo.
# It is not intended for manual editing.
version = 4

[[package]]
name = "autocfg"
version = "1.5.0"
source = "registry+https://github.com/rust-lang/crates.io-index"
checksum = "c08606f8c3cbf4ce6ec8e28fb0014a2c086708fe954eaa885384a6165172e7e8"

[[package]]
name = "either"
version = "1.15.0"
source = "registry+https://github.com/rust-lang/crates.io-index"
checksum = "48c757948c5ede0e46177b7add2e67155f70e33c07fea8284df6576da70b3719"

[[package]]
name = "ip_network_table-deps-treebitmap"
version = "0.5.0"
source = "registry+https://github.com/rust-lang/crates.io-index"
checksum = "8e537132deb99c0eb4b752f0346b6a836200eaaa3516dd7e5514b63930a09e5d"

[[package]]
name = "ipmap"
version = "0.1.0"
dependencies = [
 "ip_network_table-deps-treebitmap",
 "ipnet",
 "prefix-trie",
]

[[package]]
name = "ipnet"
version = "2.11.0"
source = "registry+https://github.com/rust-lang/crates.io-index"
checksum = "469fb0b9cefa57e3ef31275ee7cacb78f2fdca44e4765491884a2b119d4eb130"

[[package]]
name = "num-traits"
version = "0.2.19"
source = "registry+https://github.com/rust-lang/crates.io-index"
checksum = "071dfc062690e90b734c0b2273ce72ad0ffa95f0c74596bc250dcfd960262841"
dependencies = [
 "autocfg",
]

[[package]]
name = "prefix-trie"
version = "0.8.1"
source = "registry+https://github.com/rust-lang/crates.io-index"
checksum = "03ef8c73261223b73d4807d55c6a71fa209695506c0efc30abc19eeba5713325"
dependencies = [
 "either",
 "ipnet",
 "num-traits",
]
